
Microsoft Visual Studio Solution File, Format Version 12.00
# Visual Studio Version 17
VisualStudioVersion = 17.4.33403.182
MinimumVisualStudioVersion = 10.0.40219.1
Project("{FAE04EC0-301F-11D3-BF4B-00C04F79EFBC}") = "Moravia.Homework", "Moravia.Homework\Moravia.Homework.csproj", "{B06CE44A-96E7-400E-ACF9-69ED37917672}"
EndProject
Global
	GlobalSection(SolutionConfigurationPlatforms) = preSolution
		Debug|Any CPU = Debug|Any CPU
		Release|Any CPU = Release|Any CPU
	EndGlobalSection
	GlobalSection(ProjectConfigurationPlatforms) = postSolution
		{B06CE44A-96E7-400E-ACF9-69ED37917672}.Debug|Any CPU.ActiveCfg = Debug|Any CPU
		{B06CE44A-96E7-400E-ACF9-69ED37917672}.Debug|Any CPU.Build.0 = Debug|Any CPU
		{B06CE44A-96E7-400E-ACF9-69ED37917672}.Release|Any CPU.ActiveCfg = Release|Any CPU
		{B06CE44A-96E7-400E-ACF9-69ED37917672}.Release|Any CPU.Build.0 = Release|Any CPU
	EndGlobalSection
	GlobalSection(SolutionProperties) = preSolution
		HideSolutionNode = FALSE
	EndGlobalSection
	GlobalSection(ExtensibilityGlobals) = postSolution
		SolutionGuid = {C8CB71F1-BC78-40F5-BF42-327D86C3513B}
	EndGlobalSection
EndGlobal
