
Microsoft Visual Studio Solution File, Format Version 12.00
# Visual Studio Version 17
VisualStudioVersion = 17.4.33403.182
MinimumVisualStudioVersion = 10.0.40219.1
Project("{9A19103F-16F7-4668-BE54-9A1E7A4F7556}") = "Moravia.Homework", "Moravia.Homework\Moravia.Homework.csproj", "{B06CE44A-96E7-400E-ACF9-69ED37917672}"
EndProject
Project("{2150E333-8FDC-42A3-9474-1A3956D46DE8}") = "Solution Items", "Solution Items", "{CA4F39FA-AA40-4158-A996-6E00BAB7245C}"
	ProjectSection(SolutionItems) = preProject
		..\README.md = ..\README.md
	EndProjectSection
EndProject
Project("{9A19103F-16F7-4668-BE54-9A1E7A4F7556}") = "Moravia.Test", "Moravia.Test\Moravia.Test.csproj", "{23ED9A1C-24A6-4794-B1DF-3E9DCA72149A}"
EndProject
Project("{9A19103F-16F7-4668-BE54-9A1E7A4F7556}") = "Moravia.Domain", "Moravia.Domain\Moravia.Domain.csproj", "{D36D6E92-DE24-45E4-ADBB-E35C1288D0B7}"
EndProject
Project("{FAE04EC0-301F-11D3-BF4B-00C04F79EFBC}") = "Moravia.Implementation", "Moravia.Implementation\Moravia.Implementation.csproj", "{006D8403-517F-4AB7-956D-539AD3461162}"
EndProject
Global
	GlobalSection(SolutionConfigurationPlatforms) = preSolution
		Debug|Any CPU = Debug|Any CPU
		Release|Any CPU = Release|Any CPU
	EndGlobalSection
	GlobalSection(ProjectConfigurationPlatforms) = postSolution
		{B06CE44A-96E7-400E-ACF9-69ED37917672}.Debug|Any CPU.ActiveCfg = Debug|Any CPU
		{B06CE44A-96E7-400E-ACF9-69ED37917672}.Debug|Any CPU.Build.0 = Debug|Any CPU
		{B06CE44A-96E7-400E-ACF9-69ED37917672}.Release|Any CPU.ActiveCfg = Release|Any CPU
		{B06CE44A-96E7-400E-ACF9-69ED37917672}.Release|Any CPU.Build.0 = Release|Any CPU
		{23ED9A1C-24A6-4794-B1DF-3E9DCA72149A}.Debug|Any CPU.ActiveCfg = Debug|Any CPU
		{23ED9A1C-24A6-4794-B1DF-3E9DCA72149A}.Debug|Any CPU.Build.0 = Debug|Any CPU
		{23ED9A1C-24A6-4794-B1DF-3E9DCA72149A}.Release|Any CPU.ActiveCfg = Release|Any CPU
		{23ED9A1C-24A6-4794-B1DF-3E9DCA72149A}.Release|Any CPU.Build.0 = Release|Any CPU
		{D36D6E92-DE24-45E4-ADBB-E35C1288D0B7}.Debug|Any CPU.ActiveCfg = Debug|Any CPU
		{D36D6E92-DE24-45E4-ADBB-E35C1288D0B7}.Debug|Any CPU.Build.0 = Debug|Any CPU
		{D36D6E92-DE24-45E4-ADBB-E35C1288D0B7}.Release|Any CPU.ActiveCfg = Release|Any CPU
		{D36D6E92-DE24-45E4-ADBB-E35C1288D0B7}.Release|Any CPU.Build.0 = Release|Any CPU
		{006D8403-517F-4AB7-956D-539AD3461162}.Debug|Any CPU.ActiveCfg = Debug|Any CPU
		{006D8403-517F-4AB7-956D-539AD3461162}.Debug|Any CPU.Build.0 = Debug|Any CPU
		{006D8403-517F-4AB7-956D-539AD3461162}.Release|Any CPU.ActiveCfg = Release|Any CPU
		{006D8403-517F-4AB7-956D-539AD3461162}.Release|Any CPU.Build.0 = Release|Any CPU
	EndGlobalSection
	GlobalSection(SolutionProperties) = preSolution
		HideSolutionNode = FALSE
	EndGlobalSection
	GlobalSection(ExtensibilityGlobals) = postSolution
		SolutionGuid = {C8CB71F1-BC78-40F5-BF42-327D86C3513B}
	EndGlobalSection
EndGlobal
